
Microsoft Visual Studio Solution File, Format Version 12.00
# Visual Studio Version 16
VisualStudioVersion = 16.0.29102.190
MinimumVisualStudioVersion = 10.0.40219.1
Project("{FAE04EC0-301F-11D3-BF4B-00C04F79EFBC}") = "CdsDiscovery", "CdsDiscovery\CdsDiscovery.csproj", "{45E855C2-F7AC-44F7-BF66-E241CE5FB4A7}"
EndProject
Global
	GlobalSection(SolutionConfigurationPlatforms) = preSolution
		Debug|Any CPU = Debug|Any CPU
		Release|Any CPU = Release|Any CPU
	EndGlobalSection
	GlobalSection(ProjectConfigurationPlatforms) = postSolution
		{45E855C2-F7AC-44F7-BF66-E241CE5FB4A7}.Debug|Any CPU.ActiveCfg = Debug|Any CPU
		{45E855C2-F7AC-44F7-BF66-E241CE5FB4A7}.Debug|Any CPU.Build.0 = Debug|Any CPU
		{45E855C2-F7AC-44F7-BF66-E241CE5FB4A7}.Release|Any CPU.ActiveCfg = Release|Any CPU
		{45E855C2-F7AC-44F7-BF66-E241CE5FB4A7}.Release|Any CPU.Build.0 = Release|Any CPU
	EndGlobalSection
	GlobalSection(SolutionProperties) = preSolution
		HideSolutionNode = FALSE
	EndGlobalSection
	GlobalSection(ExtensibilityGlobals) = postSolution
		SolutionGuid = {92DD6389-7269-415E-B235-00E869082FBB}
	EndGlobalSection
EndGlobal
